{
  "version": 4,
  "terraform_version": "1.9.4",
  "serial": 161,
  "lineage": "f5e8520d-9634-608a-c493-3d744c73a888",
  "outputs": {
    "Jenkins_website_url": {
      "value": "http://3.145.40.250:8080",
      "type": "string"
    },
    "Tomcat_website_url2": {
      "value": "http://3.145.49.162:8080",
      "type": "string"
    },
    "private_key": {
      "value": "-----BEGIN RSA PRIVATE KEY-----\nMIIJKAIBAAKCAgEA2TtonbARKescyRf8P2kGAnWCzlYoiUdKgJYsZMvtvmo+dutI\nrPP4fK/y6FUoafxMjb5xB/k5hQ9FCKe0pPKBV26UIBsWqito5xc0lBHu850hB7md\nOJg8WcVBD6oVHNRpxtGXLetYtP9MZag+nxHPuHjFeQnR9gwMU8xd9uwg6nTLo1fT\nXdsrFbftn1cCtUQNnihlUqpjIL8+oRo7GHZVstXpl29eSuLlb2A6zEMVxmHy05nL\nD027dTZunwFHglBWXeB1P7XCWFrAhcqoq4wzAdRZrLOO/Tk92YkDr3xXOR5duEW4\ngGkpONvpuJ4T6dWuNN+GqmIC5y3JVpOoLtH0NdHdYx48nPXZuSl6d799R42+dPOx\nFu2SCn5QYyQrB7Og07FvyklaQS/h1k1I38mDFT242WthrSOFl4hJBrC/fdkksAvd\niTqePc6yJaVwjEotV8tSW+LOWM0H39CZE54+G3UHeT38Hlw2AMu/0FZV9bvM86e6\nxWSuQ2BIgOWDZac59j9qfncxurukMGvgJ82O0+CkDthk1HKDj6RIXmNKZRkpT0aX\nvt7k/5cfzYh7U3MPev1VyFUsf1sYKJdKn+0wFhNeeVAlV+KLfx/xcC4Dkfflz2Rz\nQxN9XiI1Bvl6TZxdlfwO/pmmREcqn5fFtY4dNWrQhAxPe3b2+0F2RNvz1C8CAwEA\nAQKCAgAT6hZVHmb0aNFivggp5/7dCtjLAasFqrtxvlKjiu5onmTLkhY/hL4q8BZc\npjHmRXLfK65BBN/5CsVRXc55sKGa2lBKATG6t/AN/1qamGpHewgkJSf8oDgoIqUs\nQnNdCTwJNf2eAA1Jyn2+dAYJnyBj0O6JghT1cXVP2VRj5pG97KceelauLAFvJEVs\nbhWZeHunHBztzyD3R5D+Q+FXBMImeuXHNDZ4twRBiZjaUOwWG7SfIWI0LPQacrsB\naKSdla/VO1aEWK1QXEF6AnIkB95FNKpj4rIhFLZO0vi7hbKZUedVlU6stvdIdyCe\nBB/fN++YeUVnKUUK3G+wuCia4jR4718CqodN/QVx8FvMByVs1RG7xQkDhWdzFfEF\nNRAoqY8idZ534wmG9VEFCxyzqKJYVvgXwnIHxWRCI6pZdYywAgPAu+suH5D2DPo+\npsi8prbIN8LRJ7NoxnTTt+gRMz/vAj3IzBjZjlS/l0i+acreCxZZNYOA25cKkRIz\nJVJ3QnbyAxQZ6PEden7XNbHXZoYrhr6EzliGLhuPU7nIqyCfnmBn4MHkU7ZkhwJl\nUnS3NwTS40KZxi5dSaAMpy4BN0ym/CHQXWzeP9W8Gx11Z1S6GuT/hQZFI+dMaoL6\n8/caejmH3YBf43NKEvbXKA+KLImtpxmBdzfjAl9vWo2AAjYXwQKCAQEA7gltRdWG\n1j1WtdB4wZI1ebH9AcG+GVcjj0h76u4nk4G2CEyosofDicHOl7J0xes+eX6mcsqA\nO6k2ytl/xfSC+WEj69WS2eO9lydCp3EJ/dQTlVZzDUVX9UpMT85nxX7/vRbE4r5a\nYQr6utTL9S+9tb3IyOpAFdgEMxwcUcJpzEZTY9qeNQ9TMbzqauWW+P5YRp+wA210\ntYNWT+X1neVF5g+GQHHuMJS1jF4H3hAldtEfCq6Hz73AUqz1pURH/gsMa8CI3dW+\nksl5An3BSN79uqbWuFXOwmDtv9Mmnc+NLOGuAMR+mzQReheyaohhHiU30hoXkOQp\nlERmYVNXX7w+owKCAQEA6aAPWH04tXOF/y4R9KcQ8wto/7UIcvP6eZf19omrjpMv\nLxAl9NgzYvkRwndzTwMsnKq+SEen/NLab91pmxswycmQ6VLeZji6QRMVZf3/w9nS\nwqM98lC87aiwnfIqgyM6/JfyUPHZfcwBzcAqG+V1eBEHmGSIEti2I2z67NMyL5Du\nck+UBwiQoZS1RyevfmzxrVwqeFxsEXb1hnI+SvbmqAVoKjSY4P0axUN2YAUvh9Ty\nRZgJ8oIHTLU+Oi2HFx5LEe/mQKkX6wdlLxxlZu1Lpe8aVUj+nvuzddaQoyn3Qqh4\n5Xbs6YRe2U59ak/7ophzgejZiFCi6x2LPwjpaC+pBQKCAQEAm/KhHHdf90wIWuVR\nt7/KOQha8aO0n3VvXpfmV2vfkcwRLi7K9uvrN305lDjeOCx+qapH8jyo9m1N8Ge+\nRjqC9E6n8gHiS83gj/6wtHJiUWF30wboKXGcxp7+j+pyIfmqIn+gTczX+WvwCCcR\n2HiGmWLVAIw3oBf96F4qT4ZHOgV47Jp1u91ma9eQ3Ke92TMJMnu8HQLAy4pYKdBG\nskNbH/ZbxizeGAXVSzjvfpSldspaw+zEHV37ei7GYJfzcoRaht2EzZETYaeNGAy7\nbLprELXtRqcw5jgKivoS+qDXpOfVz7rsF1JtgMe1pAXlWpKXl5ZwigRxGSoWyPyI\n6beycQKCAQBthVaMUi+6iIyhovRR79v3RDsV3MU4Nn4OcJmi2MkvDnrJIlXY4V29\noSudMahBuyg3zadkdQsgb6xtUqvGRcnqXu7rIqkV3LQb+5lFdfxn0P6HtkU9CnJ3\nK2SYtsUNMv/dGFJFdgtSeMfDr7lN2JToE3uvCjnsM+G228kKKrvVJqlRt1KatX4v\n8WnGEKmpp+LoNVPHlvQmf9D8FSR0uihJTjeVyZB9sMnS/hxJSUUN9VsaGvtWz3Qi\nlri0R1GUGeRxZThYyaxnxtC9dB9pUAbtpBiBMLYEy9RGgq7NfsfmXNpIICdSFXbt\ngmky5In/oF5N4V3RFJQ7il8Tzta0u9sNAoIBACPva90ZCxZk7pnqWf5TrJmkCQs6\ndLQBKA5K9rS7pexw/GuQJ8cW9GfDDF9GNDEYGs4ocVSNXQKl3Q+KuA+vmUdCF63P\nGNQ0UigAPz1HPVuHjaok33VHQfc9Iwbs1eSwbrKlvGzKssfTKlqmU8ETpnVlzPma\nX5bJrvW7VJ1aDW5a+BOO3tkL10WNxY+FS3u51Tjt03HLpl/QkqWoNjjGY7qILmTq\nTtK8xng1V+tuzQpAY6TcOrYZOPJwzMi4ZzWcsZe6imaE1YODhGSfkmZ16ezC/ArU\n8D+4TpF16feiTDSlio+0orNVmeeW8SJ4gWoGOMdjJam7+KUhBFin+wz32bI=\n-----END RSA PRIVATE KEY-----\n",
      "type": "string",
      "sensitive": true
    }
  },
  "resources": [
    {
      "mode": "data",
      "type": "aws_ami",
      "name": "ubuntu",
      "provider": "provider[\"registry.terraform.io/hashicorp/aws\"]",
      "instances": [
        {
          "schema_version": 0,
          "attributes": {
            "architecture": "x86_64",
            "arn": "arn:aws:ec2:us-east-2::image/ami-03111e65690b0cc57",
            "block_device_mappings": [
              {
                "device_name": "/dev/sda1",
                "ebs": {
                  "delete_on_termination": "true",
                  "encrypted": "false",
                  "iops": "0",
                  "snapshot_id": "snap-072b805512d7d083f",
                  "throughput": "0",
                  "volume_size": "8",
                  "volume_type": "gp2"
                },
                "no_device": "",
                "virtual_name": ""
              },
              {
                "device_name": "/dev/sdb",
                "ebs": {},
                "no_device": "",
                "virtual_name": "ephemeral0"
              },
              {
                "device_name": "/dev/sdc",
                "ebs": {},
                "no_device": "",
                "virtual_name": "ephemeral1"
              }
            ],
            "boot_mode": "legacy-bios",
            "creation_date": "2024-11-12T11:35:16.000Z",
            "deprecation_time": "2026-11-12T11:35:16.000Z",
            "description": "Canonical, Ubuntu, 20.04 LTS, amd64 focal image build on 2024-11-12",
            "ena_support": true,
            "executable_users": null,
            "filter": [
              {
                "name": "name",
                "values": [
                  "ubuntu/images/hvm-ssd/ubuntu-focal-20.04-amd64-server-*"
                ]
              },
              {
                "name": "virtualization-type",
                "values": [
                  "hvm"
                ]
              }
            ],
            "hypervisor": "xen",
            "id": "ami-03111e65690b0cc57",
            "image_id": "ami-03111e65690b0cc57",
            "image_location": "amazon/ubuntu/images/hvm-ssd/ubuntu-focal-20.04-amd64-server-20241112",
            "image_owner_alias": "amazon",
            "image_type": "machine",
            "imds_support": "",
            "include_deprecated": false,
            "kernel_id": "",
            "most_recent": true,
            "name": "ubuntu/images/hvm-ssd/ubuntu-focal-20.04-amd64-server-20241112",
            "name_regex": null,
            "owner_id": "099720109477",
            "owners": [
              "099720109477"
            ],
            "platform": "",
            "platform_details": "Linux/UNIX",
            "product_codes": [],
            "public": true,
            "ramdisk_id": "",
            "root_device_name": "/dev/sda1",
            "root_device_type": "ebs",
            "root_snapshot_id": "snap-072b805512d7d083f",
            "sriov_net_support": "simple",
            "state": "available",
            "state_reason": {
              "code": "UNSET",
              "message": "UNSET"
            },
            "tags": {},
            "timeouts": null,
            "tpm_support": "",
            "usage_operation": "RunInstances",
            "virtualization_type": "hvm"
          },
          "sensitive_attributes": []
        }
      ]
    },
    {
      "mode": "managed",
      "type": "aws_instance",
      "name": "firstinstance",
      "provider": "provider[\"registry.terraform.io/hashicorp/aws\"]",
      "instances": [
        {
          "schema_version": 1,
          "attributes": {
            "ami": "ami-03111e65690b0cc57",
            "arn": "arn:aws:ec2:us-east-2:767398025231:instance/i-05cce7b43f9cbc361",
            "associate_public_ip_address": true,
            "availability_zone": "us-east-2a",
            "capacity_reservation_specification": [
              {
                "capacity_reservation_preference": "open",
                "capacity_reservation_target": []
              }
            ],
            "cpu_core_count": 1,
            "cpu_options": [
              {
                "amd_sev_snp": "",
                "core_count": 1,
                "threads_per_core": 1
              }
            ],
            "cpu_threads_per_core": 1,
            "credit_specification": [
              {
                "cpu_credits": "standard"
              }
            ],
            "disable_api_stop": false,
            "disable_api_termination": false,
            "ebs_block_device": [],
            "ebs_optimized": false,
            "enclave_options": [
              {
                "enabled": false
              }
            ],
            "ephemeral_block_device": [],
            "get_password_data": false,
            "hibernation": false,
            "host_id": "",
            "host_resource_group_arn": null,
            "iam_instance_profile": "",
            "id": "i-05cce7b43f9cbc361",
            "instance_initiated_shutdown_behavior": "stop",
            "instance_lifecycle": "",
            "instance_market_options": [],
            "instance_state": "running",
            "instance_type": "t2.micro",
            "ipv6_address_count": 0,
            "ipv6_addresses": [],
            "key_name": "eks-key",
            "launch_template": [],
            "maintenance_options": [
              {
                "auto_recovery": "default"
              }
            ],
            "metadata_options": [
              {
                "http_endpoint": "enabled",
                "http_protocol_ipv6": "disabled",
                "http_put_response_hop_limit": 1,
                "http_tokens": "optional",
                "instance_metadata_tags": "disabled"
              }
            ],
            "monitoring": false,
            "network_interface": [],
            "outpost_arn": "",
            "password_data": "",
            "placement_group": "",
            "placement_partition_number": 0,
            "primary_network_interface_id": "eni-0df1863407d3b81c1",
            "private_dns": "ip-10-0-1-231.us-east-2.compute.internal",
            "private_dns_name_options": [
              {
                "enable_resource_name_dns_a_record": false,
                "enable_resource_name_dns_aaaa_record": false,
                "hostname_type": "ip-name"
              }
            ],
            "private_ip": "10.0.1.231",
            "public_dns": "ec2-3-145-40-250.us-east-2.compute.amazonaws.com",
            "public_ip": "3.145.40.250",
            "root_block_device": [
              {
                "delete_on_termination": true,
                "device_name": "/dev/sda1",
                "encrypted": false,
                "iops": 100,
                "kms_key_id": "",
                "tags": {},
                "tags_all": {},
                "throughput": 0,
                "volume_id": "vol-051475358796d1e7e",
                "volume_size": 8,
                "volume_type": "gp2"
              }
            ],
            "secondary_private_ips": [],
            "security_groups": [],
            "source_dest_check": true,
            "spot_instance_request_id": "",
            "subnet_id": "subnet-07b6f7944fa7009bd",
            "tags": {
              "Name": "Jenkins_Server"
            },
            "tags_all": {
              "Name": "Jenkins_Server"
            },
            "tenancy": "default",
            "timeouts": null,
            "user_data": "f354810165454715214057e99ee72327ea125704",
            "user_data_base64": null,
            "user_data_replace_on_change": false,
            "volume_tags": null,
            "vpc_security_group_ids": [
              "sg-0b3ac0fc1adcb2bd9"
            ]
          },
          "sensitive_attributes": [],
          "private": "eyJlMmJmYjczMC1lY2FhLTExZTYtOGY4OC0zNDM2M2JjN2M0YzAiOnsiY3JlYXRlIjo2MDAwMDAwMDAwMDAsImRlbGV0ZSI6MTIwMDAwMDAwMDAwMCwicmVhZCI6OTAwMDAwMDAwMDAwLCJ1cGRhdGUiOjYwMDAwMDAwMDAwMH0sInNjaGVtYV92ZXJzaW9uIjoiMSJ9",
          "dependencies": [
            "aws_key_pair.generated_key",
            "aws_security_group.allow_web",
            "aws_subnet.prodsubnet1",
            "aws_vpc.prodvpc",
            "data.aws_ami.ubuntu",
            "tls_private_key.self-eks"
          ]
        }
      ]
    },
    {
      "mode": "managed",
      "type": "aws_instance",
      "name": "secondinstance",
      "provider": "provider[\"registry.terraform.io/hashicorp/aws\"]",
      "instances": [
        {
          "schema_version": 1,
          "attributes": {
            "ami": "ami-03111e65690b0cc57",
            "arn": "arn:aws:ec2:us-east-2:767398025231:instance/i-05283f8a6e4a46839",
            "associate_public_ip_address": true,
            "availability_zone": "us-east-2a",
            "capacity_reservation_specification": [
              {
                "capacity_reservation_preference": "open",
                "capacity_reservation_target": []
              }
            ],
            "cpu_core_count": 1,
            "cpu_options": [
              {
                "amd_sev_snp": "",
                "core_count": 1,
                "threads_per_core": 1
              }
            ],
            "cpu_threads_per_core": 1,
            "credit_specification": [
              {
                "cpu_credits": "standard"
              }
            ],
            "disable_api_stop": false,
            "disable_api_termination": false,
            "ebs_block_device": [],
            "ebs_optimized": false,
            "enclave_options": [
              {
                "enabled": false
              }
            ],
            "ephemeral_block_device": [],
            "get_password_data": false,
            "hibernation": false,
            "host_id": "",
            "host_resource_group_arn": null,
            "iam_instance_profile": "",
            "id": "i-05283f8a6e4a46839",
            "instance_initiated_shutdown_behavior": "stop",
            "instance_lifecycle": "",
            "instance_market_options": [],
            "instance_state": "running",
            "instance_type": "t2.micro",
            "ipv6_address_count": 0,
            "ipv6_addresses": [],
            "key_name": "eks-key",
            "launch_template": [],
            "maintenance_options": [
              {
                "auto_recovery": "default"
              }
            ],
            "metadata_options": [
              {
                "http_endpoint": "enabled",
                "http_protocol_ipv6": "disabled",
                "http_put_response_hop_limit": 1,
                "http_tokens": "optional",
                "instance_metadata_tags": "disabled"
              }
            ],
            "monitoring": false,
            "network_interface": [],
            "outpost_arn": "",
            "password_data": "",
            "placement_group": "",
            "placement_partition_number": 0,
            "primary_network_interface_id": "eni-02d1ea1e862883757",
            "private_dns": "ip-10-0-1-10.us-east-2.compute.internal",
            "private_dns_name_options": [
              {
                "enable_resource_name_dns_a_record": false,
                "enable_resource_name_dns_aaaa_record": false,
                "hostname_type": "ip-name"
              }
            ],
            "private_ip": "10.0.1.10",
            "public_dns": "ec2-3-145-49-162.us-east-2.compute.amazonaws.com",
            "public_ip": "3.145.49.162",
            "root_block_device": [
              {
                "delete_on_termination": true,
                "device_name": "/dev/sda1",
                "encrypted": false,
                "iops": 100,
                "kms_key_id": "",
                "tags": {},
                "tags_all": {},
                "throughput": 0,
                "volume_id": "vol-0a1bd3777f86e0408",
                "volume_size": 8,
                "volume_type": "gp2"
              }
            ],
            "secondary_private_ips": [],
            "security_groups": [],
            "source_dest_check": true,
            "spot_instance_request_id": "",
            "subnet_id": "subnet-07b6f7944fa7009bd",
            "tags": {
              "Name": "Tomcat_Server"
            },
            "tags_all": {
              "Name": "Tomcat_Server"
            },
            "tenancy": "default",
            "timeouts": null,
            "user_data": "59f8b87b44e7f21309b1c16e4969256e71a4c707",
            "user_data_base64": null,
            "user_data_replace_on_change": false,
            "volume_tags": null,
            "vpc_security_group_ids": [
              "sg-0b3ac0fc1adcb2bd9"
            ]
          },
          "sensitive_attributes": [],
          "private": "eyJlMmJmYjczMC1lY2FhLTExZTYtOGY4OC0zNDM2M2JjN2M0YzAiOnsiY3JlYXRlIjo2MDAwMDAwMDAwMDAsImRlbGV0ZSI6MTIwMDAwMDAwMDAwMCwicmVhZCI6OTAwMDAwMDAwMDAwLCJ1cGRhdGUiOjYwMDAwMDAwMDAwMH0sInNjaGVtYV92ZXJzaW9uIjoiMSJ9",
          "dependencies": [
            "aws_key_pair.generated_key",
            "aws_security_group.allow_web",
            "aws_subnet.prodsubnet1",
            "aws_vpc.prodvpc",
            "data.aws_ami.ubuntu",
            "tls_private_key.self-eks"
          ]
        }
      ]
    },
    {
      "mode": "managed",
      "type": "aws_internet_gateway",
      "name": "gw",
      "provider": "provider[\"registry.terraform.io/hashicorp/aws\"]",
      "instances": [
        {
          "schema_version": 0,
          "attributes": {
            "arn": "arn:aws:ec2:us-east-2:767398025231:internet-gateway/igw-0fb3992bbaeaa6ce5",
            "id": "igw-0fb3992bbaeaa6ce5",
            "owner_id": "767398025231",
            "tags": {
              "Name": "New"
            },
            "tags_all": {
              "Name": "New"
            },
            "timeouts": null,
            "vpc_id": "vpc-0c2efdfa48d938306"
          },
          "sensitive_attributes": [],
          "private": "eyJlMmJmYjczMC1lY2FhLTExZTYtOGY4OC0zNDM2M2JjN2M0YzAiOnsiY3JlYXRlIjoxMjAwMDAwMDAwMDAwLCJkZWxldGUiOjEyMDAwMDAwMDAwMDAsInVwZGF0ZSI6MTIwMDAwMDAwMDAwMH19",
          "dependencies": [
            "aws_vpc.prodvpc"
          ]
        }
      ]
    },
    {
      "mode": "managed",
      "type": "aws_key_pair",
      "name": "generated_key",
      "provider": "provider[\"registry.terraform.io/hashicorp/aws\"]",
      "instances": [
        {
          "schema_version": 1,
          "attributes": {
            "arn": "arn:aws:ec2:us-east-2:767398025231:key-pair/eks-key",
            "fingerprint": "1e:0d:26:05:40:6f:b9:ac:d8:fe:15:88:60:b7:09:6b",
            "id": "eks-key",
            "key_name": "eks-key",
            "key_name_prefix": "",
            "key_pair_id": "key-0ae0c426e683a063d",
            "key_type": "rsa",
            "public_key": "ssh-rsa AAAAB3NzaC1yc2EAAAADAQABAAACAQDZO2idsBEp6xzJF/w/aQYCdYLOViiJR0qAlixky+2+aj5260is8/h8r/LoVShp/EyNvnEH+TmFD0UIp7Sk8oFXbpQgGxaqK2jnFzSUEe7znSEHuZ04mDxZxUEPqhUc1GnG0Zct61i0/0xlqD6fEc+4eMV5CdH2DAxTzF327CDqdMujV9Nd2ysVt+2fVwK1RA2eKGVSqmMgvz6hGjsYdlWy1emXb15K4uVvYDrMQxXGYfLTmcsPTbt1Nm6fAUeCUFZd4HU/tcJYWsCFyqirjDMB1Fmss479OT3ZiQOvfFc5Hl24RbiAaSk42+m4nhPp1a4034aqYgLnLclWk6gu0fQ10d1jHjyc9dm5KXp3v31Hjb5087EW7ZIKflBjJCsHs6DTsW/KSVpBL+HWTUjfyYMVPbjZa2GtI4WXiEkGsL992SSwC92JOp49zrIlpXCMSi1Xy1Jb4s5YzQff0JkTnj4bdQd5PfweXDYAy7/QVlX1u8zzp7rFZK5DYEiA5YNlpzn2P2p+dzG6u6Qwa+AnzY7T4KQO2GTUcoOPpEheY0plGSlPRpe+3uT/lx/NiHtTcw96/VXIVSx/Wxgol0qf7TAWE155UCVX4ot/H/FwLgOR9+XPZHNDE31eIjUG+XpNnF2V/A7+maZERyqfl8W1jh01atCEDE97dvb7QXZE2/PULw==",
            "tags": null,
            "tags_all": {}
          },
          "sensitive_attributes": [],
          "private": "eyJzY2hlbWFfdmVyc2lvbiI6IjEifQ==",
          "dependencies": [
            "tls_private_key.self-eks"
          ]
        }
      ]
    },
    {
      "mode": "managed",
      "type": "aws_route_table",
      "name": "prodroute",
      "provider": "provider[\"registry.terraform.io/hashicorp/aws\"]",
      "instances": [
        {
          "schema_version": 0,
          "attributes": {
            "arn": "arn:aws:ec2:us-east-2:767398025231:route-table/rtb-0979f4668e6b6748c",
            "id": "rtb-0979f4668e6b6748c",
            "owner_id": "767398025231",
            "propagating_vgws": [],
            "route": [
              {
                "carrier_gateway_id": "",
                "cidr_block": "0.0.0.0/0",
                "core_network_arn": "",
                "destination_prefix_list_id": "",
                "egress_only_gateway_id": "",
                "gateway_id": "igw-0fb3992bbaeaa6ce5",
                "ipv6_cidr_block": "",
                "local_gateway_id": "",
                "nat_gateway_id": "",
                "network_interface_id": "",
                "transit_gateway_id": "",
                "vpc_endpoint_id": "",
                "vpc_peering_connection_id": ""
              }
            ],
            "tags": {
              "Name": "RT"
            },
            "tags_all": {
              "Name": "RT"
            },
            "timeouts": null,
            "vpc_id": "vpc-0c2efdfa48d938306"
          },
          "sensitive_attributes": [],
          "private": "eyJlMmJmYjczMC1lY2FhLTExZTYtOGY4OC0zNDM2M2JjN2M0YzAiOnsiY3JlYXRlIjozMDAwMDAwMDAwMDAsImRlbGV0ZSI6MzAwMDAwMDAwMDAwLCJ1cGRhdGUiOjEyMDAwMDAwMDAwMH19",
          "dependencies": [
            "aws_internet_gateway.gw",
            "aws_vpc.prodvpc"
          ]
        }
      ]
    },
    {
      "mode": "managed",
      "type": "aws_route_table_association",
      "name": "a",
      "provider": "provider[\"registry.terraform.io/hashicorp/aws\"]",
      "instances": [
        {
          "schema_version": 0,
          "attributes": {
            "gateway_id": "",
            "id": "rtbassoc-0277247c61468c54a",
            "route_table_id": "rtb-0979f4668e6b6748c",
            "subnet_id": "subnet-07b6f7944fa7009bd",
            "timeouts": null
          },
          "sensitive_attributes": [],
          "private": "eyJlMmJmYjczMC1lY2FhLTExZTYtOGY4OC0zNDM2M2JjN2M0YzAiOnsiY3JlYXRlIjozMDAwMDAwMDAwMDAsImRlbGV0ZSI6MzAwMDAwMDAwMDAwLCJ1cGRhdGUiOjEyMDAwMDAwMDAwMH19",
          "dependencies": [
            "aws_internet_gateway.gw",
            "aws_route_table.prodroute",
            "aws_subnet.prodsubnet1",
            "aws_vpc.prodvpc"
          ]
        }
      ]
    },
    {
      "mode": "managed",
      "type": "aws_security_group",
      "name": "allow_web",
      "provider": "provider[\"registry.terraform.io/hashicorp/aws\"]",
      "instances": [
        {
          "schema_version": 1,
          "attributes": {
            "arn": "arn:aws:ec2:us-east-2:767398025231:security-group/sg-0b3ac0fc1adcb2bd9",
            "description": "Allow webserver inbound traffic",
            "egress": [
              {
                "cidr_blocks": [
                  "0.0.0.0/0"
                ],
                "description": "",
                "from_port": 0,
                "ipv6_cidr_blocks": [],
                "prefix_list_ids": [],
                "protocol": "-1",
                "security_groups": [],
                "self": false,
                "to_port": 0
              }
            ],
            "id": "sg-0b3ac0fc1adcb2bd9",
            "ingress": [
              {
                "cidr_blocks": [
                  "0.0.0.0/0"
                ],
                "description": "HTTP",
                "from_port": 8080,
                "ipv6_cidr_blocks": [],
                "prefix_list_ids": [],
                "protocol": "tcp",
                "security_groups": [],
                "self": false,
                "to_port": 8080
              },
              {
                "cidr_blocks": [
                  "0.0.0.0/0"
                ],
                "description": "HTTP",
                "from_port": 80,
                "ipv6_cidr_blocks": [],
                "prefix_list_ids": [],
                "protocol": "tcp",
                "security_groups": [],
                "self": false,
                "to_port": 80
              },
              {
                "cidr_blocks": [
                  "0.0.0.0/0"
                ],
                "description": "SSH",
                "from_port": 22,
                "ipv6_cidr_blocks": [],
                "prefix_list_ids": [],
                "protocol": "tcp",
                "security_groups": [],
                "self": false,
                "to_port": 22
              },
              {
                "cidr_blocks": [
                  "0.0.0.0/0"
                ],
                "description": "Web Traffic from VPC",
                "from_port": 443,
                "ipv6_cidr_blocks": [],
                "prefix_list_ids": [],
                "protocol": "tcp",
                "security_groups": [],
                "self": false,
                "to_port": 443
              }
            ],
            "name": "allow_web",
            "name_prefix": "",
            "owner_id": "767398025231",
            "revoke_rules_on_delete": false,
            "tags": {
              "Name": "allow_tls"
            },
            "tags_all": {
              "Name": "allow_tls"
            },
            "timeouts": null,
            "vpc_id": "vpc-0c2efdfa48d938306"
          },
          "sensitive_attributes": [],
          "private": "eyJlMmJmYjczMC1lY2FhLTExZTYtOGY4OC0zNDM2M2JjN2M0YzAiOnsiY3JlYXRlIjo2MDAwMDAwMDAwMDAsImRlbGV0ZSI6OTAwMDAwMDAwMDAwfSwic2NoZW1hX3ZlcnNpb24iOiIxIn0=",
          "dependencies": [
            "aws_vpc.prodvpc"
          ]
        }
      ]
    },
    {
      "mode": "managed",
      "type": "aws_subnet",
      "name": "prodsubnet1",
      "provider": "provider[\"registry.terraform.io/hashicorp/aws\"]",
      "instances": [
        {
          "schema_version": 1,
          "attributes": {
            "arn": "arn:aws:ec2:us-east-2:767398025231:subnet/subnet-07b6f7944fa7009bd",
            "assign_ipv6_address_on_creation": false,
            "availability_zone": "us-east-2a",
            "availability_zone_id": "use2-az1",
            "cidr_block": "10.0.1.0/24",
            "customer_owned_ipv4_pool": "",
            "enable_dns64": false,
            "enable_lni_at_device_index": 0,
            "enable_resource_name_dns_a_record_on_launch": false,
            "enable_resource_name_dns_aaaa_record_on_launch": false,
            "id": "subnet-07b6f7944fa7009bd",
            "ipv6_cidr_block": "",
            "ipv6_cidr_block_association_id": "",
            "ipv6_native": false,
            "map_customer_owned_ip_on_launch": false,
            "map_public_ip_on_launch": true,
            "outpost_arn": "",
            "owner_id": "767398025231",
            "private_dns_hostname_type_on_launch": "ip-name",
            "tags": {
              "Name": "prod-subnet"
            },
            "tags_all": {
              "Name": "prod-subnet"
            },
            "timeouts": null,
            "vpc_id": "vpc-0c2efdfa48d938306"
          },
          "sensitive_attributes": [],
          "private": "eyJlMmJmYjczMC1lY2FhLTExZTYtOGY4OC0zNDM2M2JjN2M0YzAiOnsiY3JlYXRlIjo2MDAwMDAwMDAwMDAsImRlbGV0ZSI6MTIwMDAwMDAwMDAwMH0sInNjaGVtYV92ZXJzaW9uIjoiMSJ9",
          "dependencies": [
            "aws_vpc.prodvpc"
          ]
        }
      ]
    },
    {
      "mode": "managed",
      "type": "aws_vpc",
      "name": "prodvpc",
      "provider": "provider[\"registry.terraform.io/hashicorp/aws\"]",
      "instances": [
        {
          "schema_version": 1,
          "attributes": {
            "arn": "arn:aws:ec2:us-east-2:767398025231:vpc/vpc-0c2efdfa48d938306",
            "assign_generated_ipv6_cidr_block": false,
            "cidr_block": "10.0.0.0/16",
            "default_network_acl_id": "acl-0cabda35a3f935608",
            "default_route_table_id": "rtb-063b64ed66248c769",
            "default_security_group_id": "sg-059e52b4755dc9517",
            "dhcp_options_id": "dopt-06a109cce35d070e9",
            "enable_dns_hostnames": true,
            "enable_dns_support": true,
            "enable_network_address_usage_metrics": false,
            "id": "vpc-0c2efdfa48d938306",
            "instance_tenancy": "default",
            "ipv4_ipam_pool_id": null,
            "ipv4_netmask_length": null,
            "ipv6_association_id": "",
            "ipv6_cidr_block": "",
            "ipv6_cidr_block_network_border_group": "",
            "ipv6_ipam_pool_id": "",
            "ipv6_netmask_length": 0,
            "main_route_table_id": "rtb-063b64ed66248c769",
            "owner_id": "767398025231",
            "tags": {
              "Name": "production_vpc"
            },
            "tags_all": {
              "Name": "production_vpc"
            }
          },
          "sensitive_attributes": [],
          "private": "eyJzY2hlbWFfdmVyc2lvbiI6IjEifQ=="
        }
      ]
    },
    {
      "mode": "managed",
      "type": "tls_private_key",
      "name": "self-eks",
      "provider": "provider[\"registry.terraform.io/hashicorp/tls\"]",
      "instances": [
        {
          "schema_version": 1,
          "attributes": {
            "algorithm": "RSA",
            "ecdsa_curve": "P224",
            "id": "a04a863ba5122d81ce5878c104523d7cf1dad758",
            "private_key_openssh": "-----BEGIN OPENSSH PRIVATE KEY-----\nb3BlbnNzaC1rZXktdjEAAAAABG5vbmUAAAAEbm9uZQAAAAAAAAABAAACFwAAAAdz\nc2gtcnNhAAAAAwEAAQAAAgEA2TtonbARKescyRf8P2kGAnWCzlYoiUdKgJYsZMvt\nvmo+dutIrPP4fK/y6FUoafxMjb5xB/k5hQ9FCKe0pPKBV26UIBsWqito5xc0lBHu\n850hB7mdOJg8WcVBD6oVHNRpxtGXLetYtP9MZag+nxHPuHjFeQnR9gwMU8xd9uwg\n6nTLo1fTXdsrFbftn1cCtUQNnihlUqpjIL8+oRo7GHZVstXpl29eSuLlb2A6zEMV\nxmHy05nLD027dTZunwFHglBWXeB1P7XCWFrAhcqoq4wzAdRZrLOO/Tk92YkDr3xX\nOR5duEW4gGkpONvpuJ4T6dWuNN+GqmIC5y3JVpOoLtH0NdHdYx48nPXZuSl6d799\nR42+dPOxFu2SCn5QYyQrB7Og07FvyklaQS/h1k1I38mDFT242WthrSOFl4hJBrC/\nfdkksAvdiTqePc6yJaVwjEotV8tSW+LOWM0H39CZE54+G3UHeT38Hlw2AMu/0FZV\n9bvM86e6xWSuQ2BIgOWDZac59j9qfncxurukMGvgJ82O0+CkDthk1HKDj6RIXmNK\nZRkpT0aXvt7k/5cfzYh7U3MPev1VyFUsf1sYKJdKn+0wFhNeeVAlV+KLfx/xcC4D\nkfflz2RzQxN9XiI1Bvl6TZxdlfwO/pmmREcqn5fFtY4dNWrQhAxPe3b2+0F2RNvz\n1C8AAAc4Vhm1UFYZtVAAAAAHc3NoLXJzYQAAAgEA2TtonbARKescyRf8P2kGAnWC\nzlYoiUdKgJYsZMvtvmo+dutIrPP4fK/y6FUoafxMjb5xB/k5hQ9FCKe0pPKBV26U\nIBsWqito5xc0lBHu850hB7mdOJg8WcVBD6oVHNRpxtGXLetYtP9MZag+nxHPuHjF\neQnR9gwMU8xd9uwg6nTLo1fTXdsrFbftn1cCtUQNnihlUqpjIL8+oRo7GHZVstXp\nl29eSuLlb2A6zEMVxmHy05nLD027dTZunwFHglBWXeB1P7XCWFrAhcqoq4wzAdRZ\nrLOO/Tk92YkDr3xXOR5duEW4gGkpONvpuJ4T6dWuNN+GqmIC5y3JVpOoLtH0NdHd\nYx48nPXZuSl6d799R42+dPOxFu2SCn5QYyQrB7Og07FvyklaQS/h1k1I38mDFT24\n2WthrSOFl4hJBrC/fdkksAvdiTqePc6yJaVwjEotV8tSW+LOWM0H39CZE54+G3UH\neT38Hlw2AMu/0FZV9bvM86e6xWSuQ2BIgOWDZac59j9qfncxurukMGvgJ82O0+Ck\nDthk1HKDj6RIXmNKZRkpT0aXvt7k/5cfzYh7U3MPev1VyFUsf1sYKJdKn+0wFhNe\neVAlV+KLfx/xcC4Dkfflz2RzQxN9XiI1Bvl6TZxdlfwO/pmmREcqn5fFtY4dNWrQ\nhAxPe3b2+0F2RNvz1C8AAAADAQABAAACABPqFlUeZvRo0WK+CCnn/t0K2MsBqwWq\nu3G+UqOK7mieZMuSFj+EvirwFlymMeZFct8rrkEE3/kKxVFdznmwoZraUEoBMbq3\n8A3/WpqYakd7CCQlJ/ygOCgipSxCc10JPAk1/Z4ADUnKfb50BgmfIGPQ7omCFPVx\ndU/ZVGPmkb3spx56Vq4sAW8kRWxuFZl4e6ccHO3PIPdHkP5D4VcEwiZ65cc0Nni3\nBEGJmNpQ7BYbtJ8hYjQs9BpyuwFopJ2Vr9U7VoRYrVBcQXoCciQH3kU0qmPisiEU\ntk7S+LuFsplR51WVTqy290h3IJ4EH98375h5RWcpRQrcb7C4KJriNHjvXwKqh039\nBXHwW8wHJWzVEbvFCQOFZ3MV8QU1ECipjyJ1nnfjCYb1UQULHLOoolhW+BfCcgfF\nZEIjqll1jLACA8C76y4fkPYM+j6myLymtsg3wtEns2jGdNO36BEzP+8CPcjMGNmO\nVL+XSL5pyt4LFlk1g4DblwqREjMlUndCdvIDFBno8R16ftc1sddmhiuGvoTOWIYu\nG49TucirIJ+eYGfgweRTtmSHAmVSdLc3BNLjQpnGLl1JoAynLgE3TKb8IdBdbN4/\n1bwbHXVnVLoa5P+FBkUj50xqgvrz9xp6OYfdgF/jc0oS9tcoD4osia2nGYF3N+MC\nX29ajYACNhfBAAABACPva90ZCxZk7pnqWf5TrJmkCQs6dLQBKA5K9rS7pexw/GuQ\nJ8cW9GfDDF9GNDEYGs4ocVSNXQKl3Q+KuA+vmUdCF63PGNQ0UigAPz1HPVuHjaok\n33VHQfc9Iwbs1eSwbrKlvGzKssfTKlqmU8ETpnVlzPmaX5bJrvW7VJ1aDW5a+BOO\n3tkL10WNxY+FS3u51Tjt03HLpl/QkqWoNjjGY7qILmTqTtK8xng1V+tuzQpAY6Tc\nOrYZOPJwzMi4ZzWcsZe6imaE1YODhGSfkmZ16ezC/ArU8D+4TpF16feiTDSlio+0\norNVmeeW8SJ4gWoGOMdjJam7+KUhBFin+wz32bIAAAEBAO4JbUXVhtY9VrXQeMGS\nNXmx/QHBvhlXI49Ie+ruJ5OBtghMqLKHw4nBzpeydMXrPnl+pnLKgDupNsrZf8X0\ngvlhI+vVktnjvZcnQqdxCf3UE5VWcw1FV/VKTE/OZ8V+/70WxOK+WmEK+rrUy/Uv\nvbW9yMjqQBXYBDMcHFHCacxGU2PanjUPUzG86mrllvj+WEafsANtdLWDVk/l9Z3l\nReYPhkBx7jCUtYxeB94QJXbRHwquh8+9wFKs9aVER/4LDGvAiN3VvpLJeQJ9wUje\n/bqm1rhVzsJg7b/TJp3PjSzhrgDEfps0EXoXsmqIYR4lN9IaF5DkKZREZmFTV1+8\nPqMAAAEBAOmgD1h9OLVzhf8uEfSnEPMLaP+1CHLz+nmX9faJq46TLy8QJfTYM2L5\nEcJ3c08DLJyqvkhHp/zS2m/daZsbMMnJkOlS3mY4ukETFWX9/8PZ0sKjPfJQvO2o\nsJ3yKoMjOvyX8lDx2X3MAc3AKhvldXgRB5hkiBLYtiNs+uzTMi+Q7nJPlAcIkKGU\ntUcnr35s8a1cKnhcbBF29YZyPkr25qgFaCo0mOD9GsVDdmAFL4fU8kWYCfKCB0y1\nPjothxceSxHv5kCpF+sHZS8cZWbtS6XvGlVI/p77s3XWkKMp90KoeOV27OmEXtlO\nfWpP+6KYc4Ho2YhQousdiz8I6WgvqQUAAAAAAQID\n-----END OPENSSH PRIVATE KEY-----\n",
            "private_key_pem": "-----BEGIN RSA PRIVATE KEY-----\nMIIJKAIBAAKCAgEA2TtonbARKescyRf8P2kGAnWCzlYoiUdKgJYsZMvtvmo+dutI\nrPP4fK/y6FUoafxMjb5xB/k5hQ9FCKe0pPKBV26UIBsWqito5xc0lBHu850hB7md\nOJg8WcVBD6oVHNRpxtGXLetYtP9MZag+nxHPuHjFeQnR9gwMU8xd9uwg6nTLo1fT\nXdsrFbftn1cCtUQNnihlUqpjIL8+oRo7GHZVstXpl29eSuLlb2A6zEMVxmHy05nL\nD027dTZunwFHglBWXeB1P7XCWFrAhcqoq4wzAdRZrLOO/Tk92YkDr3xXOR5duEW4\ngGkpONvpuJ4T6dWuNN+GqmIC5y3JVpOoLtH0NdHdYx48nPXZuSl6d799R42+dPOx\nFu2SCn5QYyQrB7Og07FvyklaQS/h1k1I38mDFT242WthrSOFl4hJBrC/fdkksAvd\niTqePc6yJaVwjEotV8tSW+LOWM0H39CZE54+G3UHeT38Hlw2AMu/0FZV9bvM86e6\nxWSuQ2BIgOWDZac59j9qfncxurukMGvgJ82O0+CkDthk1HKDj6RIXmNKZRkpT0aX\nvt7k/5cfzYh7U3MPev1VyFUsf1sYKJdKn+0wFhNeeVAlV+KLfx/xcC4Dkfflz2Rz\nQxN9XiI1Bvl6TZxdlfwO/pmmREcqn5fFtY4dNWrQhAxPe3b2+0F2RNvz1C8CAwEA\nAQKCAgAT6hZVHmb0aNFivggp5/7dCtjLAasFqrtxvlKjiu5onmTLkhY/hL4q8BZc\npjHmRXLfK65BBN/5CsVRXc55sKGa2lBKATG6t/AN/1qamGpHewgkJSf8oDgoIqUs\nQnNdCTwJNf2eAA1Jyn2+dAYJnyBj0O6JghT1cXVP2VRj5pG97KceelauLAFvJEVs\nbhWZeHunHBztzyD3R5D+Q+FXBMImeuXHNDZ4twRBiZjaUOwWG7SfIWI0LPQacrsB\naKSdla/VO1aEWK1QXEF6AnIkB95FNKpj4rIhFLZO0vi7hbKZUedVlU6stvdIdyCe\nBB/fN++YeUVnKUUK3G+wuCia4jR4718CqodN/QVx8FvMByVs1RG7xQkDhWdzFfEF\nNRAoqY8idZ534wmG9VEFCxyzqKJYVvgXwnIHxWRCI6pZdYywAgPAu+suH5D2DPo+\npsi8prbIN8LRJ7NoxnTTt+gRMz/vAj3IzBjZjlS/l0i+acreCxZZNYOA25cKkRIz\nJVJ3QnbyAxQZ6PEden7XNbHXZoYrhr6EzliGLhuPU7nIqyCfnmBn4MHkU7ZkhwJl\nUnS3NwTS40KZxi5dSaAMpy4BN0ym/CHQXWzeP9W8Gx11Z1S6GuT/hQZFI+dMaoL6\n8/caejmH3YBf43NKEvbXKA+KLImtpxmBdzfjAl9vWo2AAjYXwQKCAQEA7gltRdWG\n1j1WtdB4wZI1ebH9AcG+GVcjj0h76u4nk4G2CEyosofDicHOl7J0xes+eX6mcsqA\nO6k2ytl/xfSC+WEj69WS2eO9lydCp3EJ/dQTlVZzDUVX9UpMT85nxX7/vRbE4r5a\nYQr6utTL9S+9tb3IyOpAFdgEMxwcUcJpzEZTY9qeNQ9TMbzqauWW+P5YRp+wA210\ntYNWT+X1neVF5g+GQHHuMJS1jF4H3hAldtEfCq6Hz73AUqz1pURH/gsMa8CI3dW+\nksl5An3BSN79uqbWuFXOwmDtv9Mmnc+NLOGuAMR+mzQReheyaohhHiU30hoXkOQp\nlERmYVNXX7w+owKCAQEA6aAPWH04tXOF/y4R9KcQ8wto/7UIcvP6eZf19omrjpMv\nLxAl9NgzYvkRwndzTwMsnKq+SEen/NLab91pmxswycmQ6VLeZji6QRMVZf3/w9nS\nwqM98lC87aiwnfIqgyM6/JfyUPHZfcwBzcAqG+V1eBEHmGSIEti2I2z67NMyL5Du\nck+UBwiQoZS1RyevfmzxrVwqeFxsEXb1hnI+SvbmqAVoKjSY4P0axUN2YAUvh9Ty\nRZgJ8oIHTLU+Oi2HFx5LEe/mQKkX6wdlLxxlZu1Lpe8aVUj+nvuzddaQoyn3Qqh4\n5Xbs6YRe2U59ak/7ophzgejZiFCi6x2LPwjpaC+pBQKCAQEAm/KhHHdf90wIWuVR\nt7/KOQha8aO0n3VvXpfmV2vfkcwRLi7K9uvrN305lDjeOCx+qapH8jyo9m1N8Ge+\nRjqC9E6n8gHiS83gj/6wtHJiUWF30wboKXGcxp7+j+pyIfmqIn+gTczX+WvwCCcR\n2HiGmWLVAIw3oBf96F4qT4ZHOgV47Jp1u91ma9eQ3Ke92TMJMnu8HQLAy4pYKdBG\nskNbH/ZbxizeGAXVSzjvfpSldspaw+zEHV37ei7GYJfzcoRaht2EzZETYaeNGAy7\nbLprELXtRqcw5jgKivoS+qDXpOfVz7rsF1JtgMe1pAXlWpKXl5ZwigRxGSoWyPyI\n6beycQKCAQBthVaMUi+6iIyhovRR79v3RDsV3MU4Nn4OcJmi2MkvDnrJIlXY4V29\noSudMahBuyg3zadkdQsgb6xtUqvGRcnqXu7rIqkV3LQb+5lFdfxn0P6HtkU9CnJ3\nK2SYtsUNMv/dGFJFdgtSeMfDr7lN2JToE3uvCjnsM+G228kKKrvVJqlRt1KatX4v\n8WnGEKmpp+LoNVPHlvQmf9D8FSR0uihJTjeVyZB9sMnS/hxJSUUN9VsaGvtWz3Qi\nlri0R1GUGeRxZThYyaxnxtC9dB9pUAbtpBiBMLYEy9RGgq7NfsfmXNpIICdSFXbt\ngmky5In/oF5N4V3RFJQ7il8Tzta0u9sNAoIBACPva90ZCxZk7pnqWf5TrJmkCQs6\ndLQBKA5K9rS7pexw/GuQJ8cW9GfDDF9GNDEYGs4ocVSNXQKl3Q+KuA+vmUdCF63P\nGNQ0UigAPz1HPVuHjaok33VHQfc9Iwbs1eSwbrKlvGzKssfTKlqmU8ETpnVlzPma\nX5bJrvW7VJ1aDW5a+BOO3tkL10WNxY+FS3u51Tjt03HLpl/QkqWoNjjGY7qILmTq\nTtK8xng1V+tuzQpAY6TcOrYZOPJwzMi4ZzWcsZe6imaE1YODhGSfkmZ16ezC/ArU\n8D+4TpF16feiTDSlio+0orNVmeeW8SJ4gWoGOMdjJam7+KUhBFin+wz32bI=\n-----END RSA PRIVATE KEY-----\n",
            "private_key_pem_pkcs8": "-----BEGIN PRIVATE KEY-----\nMIIJQgIBADANBgkqhkiG9w0BAQEFAASCCSwwggkoAgEAAoICAQDZO2idsBEp6xzJ\nF/w/aQYCdYLOViiJR0qAlixky+2+aj5260is8/h8r/LoVShp/EyNvnEH+TmFD0UI\np7Sk8oFXbpQgGxaqK2jnFzSUEe7znSEHuZ04mDxZxUEPqhUc1GnG0Zct61i0/0xl\nqD6fEc+4eMV5CdH2DAxTzF327CDqdMujV9Nd2ysVt+2fVwK1RA2eKGVSqmMgvz6h\nGjsYdlWy1emXb15K4uVvYDrMQxXGYfLTmcsPTbt1Nm6fAUeCUFZd4HU/tcJYWsCF\nyqirjDMB1Fmss479OT3ZiQOvfFc5Hl24RbiAaSk42+m4nhPp1a4034aqYgLnLclW\nk6gu0fQ10d1jHjyc9dm5KXp3v31Hjb5087EW7ZIKflBjJCsHs6DTsW/KSVpBL+HW\nTUjfyYMVPbjZa2GtI4WXiEkGsL992SSwC92JOp49zrIlpXCMSi1Xy1Jb4s5YzQff\n0JkTnj4bdQd5PfweXDYAy7/QVlX1u8zzp7rFZK5DYEiA5YNlpzn2P2p+dzG6u6Qw\na+AnzY7T4KQO2GTUcoOPpEheY0plGSlPRpe+3uT/lx/NiHtTcw96/VXIVSx/Wxgo\nl0qf7TAWE155UCVX4ot/H/FwLgOR9+XPZHNDE31eIjUG+XpNnF2V/A7+maZERyqf\nl8W1jh01atCEDE97dvb7QXZE2/PULwIDAQABAoICABPqFlUeZvRo0WK+CCnn/t0K\n2MsBqwWqu3G+UqOK7mieZMuSFj+EvirwFlymMeZFct8rrkEE3/kKxVFdznmwoZra\nUEoBMbq38A3/WpqYakd7CCQlJ/ygOCgipSxCc10JPAk1/Z4ADUnKfb50BgmfIGPQ\n7omCFPVxdU/ZVGPmkb3spx56Vq4sAW8kRWxuFZl4e6ccHO3PIPdHkP5D4VcEwiZ6\n5cc0Nni3BEGJmNpQ7BYbtJ8hYjQs9BpyuwFopJ2Vr9U7VoRYrVBcQXoCciQH3kU0\nqmPisiEUtk7S+LuFsplR51WVTqy290h3IJ4EH98375h5RWcpRQrcb7C4KJriNHjv\nXwKqh039BXHwW8wHJWzVEbvFCQOFZ3MV8QU1ECipjyJ1nnfjCYb1UQULHLOoolhW\n+BfCcgfFZEIjqll1jLACA8C76y4fkPYM+j6myLymtsg3wtEns2jGdNO36BEzP+8C\nPcjMGNmOVL+XSL5pyt4LFlk1g4DblwqREjMlUndCdvIDFBno8R16ftc1sddmhiuG\nvoTOWIYuG49TucirIJ+eYGfgweRTtmSHAmVSdLc3BNLjQpnGLl1JoAynLgE3TKb8\nIdBdbN4/1bwbHXVnVLoa5P+FBkUj50xqgvrz9xp6OYfdgF/jc0oS9tcoD4osia2n\nGYF3N+MCX29ajYACNhfBAoIBAQDuCW1F1YbWPVa10HjBkjV5sf0Bwb4ZVyOPSHvq\n7ieTgbYITKiyh8OJwc6XsnTF6z55fqZyyoA7qTbK2X/F9IL5YSPr1ZLZ472XJ0Kn\ncQn91BOVVnMNRVf1SkxPzmfFfv+9FsTivlphCvq61Mv1L721vcjI6kAV2AQzHBxR\nwmnMRlNj2p41D1MxvOpq5Zb4/lhGn7ADbXS1g1ZP5fWd5UXmD4ZAce4wlLWMXgfe\nECV20R8KrofPvcBSrPWlREf+CwxrwIjd1b6SyXkCfcFI3v26pta4Vc7CYO2/0yad\nz40s4a4AxH6bNBF6F7JqiGEeJTfSGheQ5CmURGZhU1dfvD6jAoIBAQDpoA9YfTi1\nc4X/LhH0pxDzC2j/tQhy8/p5l/X2iauOky8vECX02DNi+RHCd3NPAyycqr5IR6f8\n0tpv3WmbGzDJyZDpUt5mOLpBExVl/f/D2dLCoz3yULztqLCd8iqDIzr8l/JQ8dl9\nzAHNwCob5XV4EQeYZIgS2LYjbPrs0zIvkO5yT5QHCJChlLVHJ69+bPGtXCp4XGwR\ndvWGcj5K9uaoBWgqNJjg/RrFQ3ZgBS+H1PJFmAnyggdMtT46LYcXHksR7+ZAqRfr\nB2UvHGVm7Uul7xpVSP6e+7N11pCjKfdCqHjlduzphF7ZTn1qT/uimHOB6NmIUKLr\nHYs/COloL6kFAoIBAQCb8qEcd1/3TAha5VG3v8o5CFrxo7SfdW9el+ZXa9+RzBEu\nLsr26+s3fTmUON44LH6pqkfyPKj2bU3wZ75GOoL0TqfyAeJLzeCP/rC0cmJRYXfT\nBugpcZzGnv6P6nIh+aoif6BNzNf5a/AIJxHYeIaZYtUAjDegF/3oXipPhkc6BXjs\nmnW73WZr15Dcp73ZMwkye7wdAsDLilgp0EayQ1sf9lvGLN4YBdVLOO9+lKV2ylrD\n7MQdXft6LsZgl/NyhFqG3YTNkRNhp40YDLtsumsQte1GpzDmOAqK+hL6oNek59XP\nuuwXUm2Ax7WkBeVakpeXlnCKBHEZKhbI/Ijpt7JxAoIBAG2FVoxSL7qIjKGi9FHv\n2/dEOxXcxTg2fg5wmaLYyS8OeskiVdjhXb2hK50xqEG7KDfNp2R1CyBvrG1Sq8ZF\nyepe7usiqRXctBv7mUV1/GfQ/oe2RT0KcncrZJi2xQ0y/90YUkV2C1J4x8OvuU3Y\nlOgTe68KOewz4bbbyQoqu9UmqVG3Upq1fi/xacYQqamn4ug1U8eW9CZ/0PwVJHS6\nKElON5XJkH2wydL+HElJRQ31Wxoa+1bPdCKWuLRHUZQZ5HFlOFjJrGfG0L10H2lQ\nBu2kGIEwtgTL1EaCrs1+x+Zc2kggJ1IVdu2CaTLkif+gXk3hXdEUlDuKXxPO1rS7\n2w0CggEAI+9r3RkLFmTumepZ/lOsmaQJCzp0tAEoDkr2tLul7HD8a5Anxxb0Z8MM\nX0Y0MRgazihxVI1dAqXdD4q4D6+ZR0IXrc8Y1DRSKAA/PUc9W4eNqiTfdUdB9z0j\nBuzV5LBusqW8bMqyx9MqWqZTwROmdWXM+Zpflsmu9btUnVoNblr4E47e2QvXRY3F\nj4VLe7nVOO3TccumX9CSpag2OMZjuoguZOpO0rzGeDVX627NCkBjpNw6thk48nDM\nyLhnNZyxl7qKZoTVg4OEZJ+SZnXp7ML8CtTwP7hOkXXp96JMNKWKj7Sis1WZ55bx\nIniBagY4x2Mlqbv4pSEEWKf7DPfZsg==\n-----END PRIVATE KEY-----\n",
            "public_key_fingerprint_md5": "25:22:77:64:27:0a:c3:01:39:70:61:20:3b:c1:92:e7",
            "public_key_fingerprint_sha256": "SHA256:GGwgSm4yAfVprrJSPoMKWZtFBkaxspPQUXYtGAsYYcI",
            "public_key_openssh": "ssh-rsa AAAAB3NzaC1yc2EAAAADAQABAAACAQDZO2idsBEp6xzJF/w/aQYCdYLOViiJR0qAlixky+2+aj5260is8/h8r/LoVShp/EyNvnEH+TmFD0UIp7Sk8oFXbpQgGxaqK2jnFzSUEe7znSEHuZ04mDxZxUEPqhUc1GnG0Zct61i0/0xlqD6fEc+4eMV5CdH2DAxTzF327CDqdMujV9Nd2ysVt+2fVwK1RA2eKGVSqmMgvz6hGjsYdlWy1emXb15K4uVvYDrMQxXGYfLTmcsPTbt1Nm6fAUeCUFZd4HU/tcJYWsCFyqirjDMB1Fmss479OT3ZiQOvfFc5Hl24RbiAaSk42+m4nhPp1a4034aqYgLnLclWk6gu0fQ10d1jHjyc9dm5KXp3v31Hjb5087EW7ZIKflBjJCsHs6DTsW/KSVpBL+HWTUjfyYMVPbjZa2GtI4WXiEkGsL992SSwC92JOp49zrIlpXCMSi1Xy1Jb4s5YzQff0JkTnj4bdQd5PfweXDYAy7/QVlX1u8zzp7rFZK5DYEiA5YNlpzn2P2p+dzG6u6Qwa+AnzY7T4KQO2GTUcoOPpEheY0plGSlPRpe+3uT/lx/NiHtTcw96/VXIVSx/Wxgol0qf7TAWE155UCVX4ot/H/FwLgOR9+XPZHNDE31eIjUG+XpNnF2V/A7+maZERyqfl8W1jh01atCEDE97dvb7QXZE2/PULw==\n",
            "public_key_pem": "-----BEGIN PUBLIC KEY-----\nMIICIjANBgkqhkiG9w0BAQEFAAOCAg8AMIICCgKCAgEA2TtonbARKescyRf8P2kG\nAnWCzlYoiUdKgJYsZMvtvmo+dutIrPP4fK/y6FUoafxMjb5xB/k5hQ9FCKe0pPKB\nV26UIBsWqito5xc0lBHu850hB7mdOJg8WcVBD6oVHNRpxtGXLetYtP9MZag+nxHP\nuHjFeQnR9gwMU8xd9uwg6nTLo1fTXdsrFbftn1cCtUQNnihlUqpjIL8+oRo7GHZV\nstXpl29eSuLlb2A6zEMVxmHy05nLD027dTZunwFHglBWXeB1P7XCWFrAhcqoq4wz\nAdRZrLOO/Tk92YkDr3xXOR5duEW4gGkpONvpuJ4T6dWuNN+GqmIC5y3JVpOoLtH0\nNdHdYx48nPXZuSl6d799R42+dPOxFu2SCn5QYyQrB7Og07FvyklaQS/h1k1I38mD\nFT242WthrSOFl4hJBrC/fdkksAvdiTqePc6yJaVwjEotV8tSW+LOWM0H39CZE54+\nG3UHeT38Hlw2AMu/0FZV9bvM86e6xWSuQ2BIgOWDZac59j9qfncxurukMGvgJ82O\n0+CkDthk1HKDj6RIXmNKZRkpT0aXvt7k/5cfzYh7U3MPev1VyFUsf1sYKJdKn+0w\nFhNeeVAlV+KLfx/xcC4Dkfflz2RzQxN9XiI1Bvl6TZxdlfwO/pmmREcqn5fFtY4d\nNWrQhAxPe3b2+0F2RNvz1C8CAwEAAQ==\n-----END PUBLIC KEY-----\n",
            "rsa_bits": 4096
          },
          "sensitive_attributes": [
            [
              {
                "type": "get_attr",
                "value": "private_key_openssh"
              }
            ],
            [
              {
                "type": "get_attr",
                "value": "private_key_pem"
              }
            ],
            [
              {
                "type": "get_attr",
                "value": "private_key_pem_pkcs8"
              }
            ]
          ]
        }
      ]
    }
  ],
  "check_results": null
}
